<?xml version="1.0" encoding="utf-8"?>
<Project ToolsVersion="4.0" xmlns="http://schemas.microsoft.com/developer/msbuild/2003">
  <ItemGroup>
    <ClCompile Include="animation.cpp" />
    <ClCompile Include="cameraManager.cpp" />
    <ClCompile Include="effect.cpp" />
    <ClCompile Include="effectManager.cpp" />
    <ClCompile Include="endingScene.cpp" />
    <ClCompile Include="gameNode.cpp" />
    <ClCompile Include="image.cpp" />
    <ClCompile Include="imageManager.cpp" />
    <ClCompile Include="keyManager.cpp" />
    <ClCompile Include="playerSelectScene.cpp" />
    <ClCompile Include="playGround.cpp" />
    <ClCompile Include="sceneManager.cpp" />
    <ClCompile Include="soundManager.cpp" />
    <ClCompile Include="stageScene.cpp" />
    <ClCompile Include="stdafx.cpp" />
    <ClCompile Include="timeManager.cpp" />
    <ClCompile Include="timer.cpp" />
    <ClCompile Include="titleScene.cpp" />
    <ClCompile Include="utils.cpp" />
    <ClCompile Include="winMain.cpp" />
    <ClCompile Include="red_attackState.cpp">
      <Filter>player\red</Filter>
    </ClCompile>
    <ClCompile Include="red_damage1State.cpp">
      <Filter>player\red</Filter>
    </ClCompile>
    <ClCompile Include="red_damage2State.cpp">
      <Filter>player\red</Filter>
    </ClCompile>
    <ClCompile Include="red_dashAttackState.cpp">
      <Filter>player\red</Filter>
    </ClCompile>
    <ClCompile Include="red_downAttackState.cpp">
      <Filter>player\red</Filter>
    </ClCompile>
    <ClCompile Include="red_gripState.cpp">
      <Filter>player\red</Filter>
    </ClCompile>
    <ClCompile Include="red_homeRunState.cpp">
      <Filter>player\red</Filter>
    </ClCompile>
    <ClCompile Include="red_idleState.cpp">
      <Filter>player\red</Filter>
    </ClCompile>
    <ClCompile Include="red_idleState2.cpp">
      <Filter>player\red</Filter>
    </ClCompile>
    <ClCompile Include="red_jumpAttackState.cpp">
      <Filter>player\red</Filter>
    </ClCompile>
    <ClCompile Include="red_jumpState.cpp">
      <Filter>player\red</Filter>
    </ClCompile>
    <ClCompile Include="red_legKickState.cpp">
      <Filter>player\red</Filter>
    </ClCompile>
    <ClCompile Include="red_moveState.cpp">
      <Filter>player\red</Filter>
    </ClCompile>
    <ClCompile Include="red_runState.cpp">
      <Filter>player\red</Filter>
    </ClCompile>
    <ClCompile Include="red_slidingState.cpp">
      <Filter>player\red</Filter>
    </ClCompile>
    <ClCompile Include="red_standUpState.cpp">
      <Filter>player\red</Filter>
    </ClCompile>
    <ClCompile Include="red_throw.cpp">
      <Filter>player\red</Filter>
    </ClCompile>
    <ClCompile Include="Ryno_attack.cpp">
      <Filter>player\ryno</Filter>
    </ClCompile>
    <ClCompile Include="Ryno_catch.cpp">
      <Filter>player\ryno</Filter>
    </ClCompile>
    <ClCompile Include="Ryno_crawl.cpp">
      <Filter>player\ryno</Filter>
    </ClCompile>
    <ClCompile Include="Ryno_dash.cpp">
      <Filter>player\ryno</Filter>
    </ClCompile>
    <ClCompile Include="Ryno_dashAlt.cpp">
      <Filter>player\ryno</Filter>
    </ClCompile>
    <ClCompile Include="Ryno_dashAttack.cpp">
      <Filter>player\ryno</Filter>
    </ClCompile>
    <ClCompile Include="Ryno_fall.cpp">
      <Filter>player\ryno</Filter>
    </ClCompile>
    <ClCompile Include="Ryno_fly.cpp">
      <Filter>player\ryno</Filter>
    </ClCompile>
    <ClCompile Include="Ryno_frontCombo.cpp">
      <Filter>player\ryno</Filter>
    </ClCompile>
    <ClCompile Include="Ryno_idle.cpp">
      <Filter>player\ryno</Filter>
    </ClCompile>
    <ClCompile Include="Ryno_jump.cpp">
      <Filter>player\ryno</Filter>
    </ClCompile>
    <ClCompile Include="Ryno_move.cpp">
      <Filter>player\ryno</Filter>
    </ClCompile>
    <ClCompile Include="player.cpp">
      <Filter>player</Filter>
    </ClCompile>
    <ClCompile Include="wbAttackJumpState.cpp">
      <Filter>whiteBaseball</Filter>
    </ClCompile>
    <ClCompile Include="wbAttackPunchState.cpp">
      <Filter>whiteBaseball</Filter>
    </ClCompile>
    <ClCompile Include="wbIdleState.cpp">
      <Filter>whiteBaseball</Filter>
    </ClCompile>
    <ClCompile Include="wbRollState.cpp">
      <Filter>whiteBaseball</Filter>
    </ClCompile>
    <ClCompile Include="wbState.cpp">
      <Filter>whiteBaseball</Filter>
    </ClCompile>
    <ClCompile Include="wbStopState.cpp">
      <Filter>whiteBaseball</Filter>
    </ClCompile>
    <ClCompile Include="whiteBaseball.cpp">
      <Filter>whiteBaseball</Filter>
    </ClCompile>
    <ClCompile Include="bbAttackPunchState.cpp">
      <Filter>blueBaseball</Filter>
    </ClCompile>
    <ClCompile Include="bbIdleState.cpp">
      <Filter>blueBaseball</Filter>
    </ClCompile>
    <ClCompile Include="bbLandState.cpp">
      <Filter>blueBaseball</Filter>
    </ClCompile>
    <ClCompile Include="bbState.cpp">
      <Filter>blueBaseball</Filter>
    </ClCompile>
    <ClCompile Include="blueBaseball.cpp">
      <Filter>blueBaseball</Filter>
    </ClCompile>
    <ClCompile Include="ybAttackPunchState.cpp">
      <Filter>yellowBaseball</Filter>
    </ClCompile>
    <ClCompile Include="ybIdleState.cpp">
      <Filter>yellowBaseball</Filter>
    </ClCompile>
    <ClCompile Include="ybMoveState.cpp">
      <Filter>yellowBaseball</Filter>
    </ClCompile>
    <ClCompile Include="ybState.cpp">
      <Filter>yellowBaseball</Filter>
    </ClCompile>
    <ClCompile Include="yellowBaseball.cpp">
      <Filter>yellowBaseball</Filter>
    </ClCompile>
    <ClCompile Include="gbAttackPunchState.cpp">
      <Filter>greenBaseball</Filter>
    </ClCompile>
    <ClCompile Include="gbHangState.cpp">
      <Filter>greenBaseball</Filter>
    </ClCompile>
    <ClCompile Include="gbIdleState.cpp">
      <Filter>greenBaseball</Filter>
    </ClCompile>
    <ClCompile Include="gbLandState.cpp">
      <Filter>greenBaseball</Filter>
    </ClCompile>
    <ClCompile Include="gbState.cpp">
      <Filter>greenBaseball</Filter>
    </ClCompile>
    <ClCompile Include="greenBaseball.cpp">
      <Filter>greenBaseball</Filter>
    </ClCompile>
    <ClCompile Include="boss.cpp">
      <Filter>boss</Filter>
    </ClCompile>
    <ClCompile Include="bossState.cpp">
      <Filter>boss</Filter>
    </ClCompile>
    <ClCompile Include="card.cpp">
      <Filter>card</Filter>
    </ClCompile>
    <ClCompile Include="cardDashAttackState.cpp">
      <Filter>card</Filter>
    </ClCompile>
    <ClCompile Include="cardIdleState.cpp">
      <Filter>card</Filter>
    </ClCompile>
    <ClCompile Include="cardMoveState.cpp">
      <Filter>card</Filter>
    </ClCompile>
    <ClCompile Include="cardPunchAttackState.cpp">
      <Filter>card</Filter>
    </ClCompile>
    <ClCompile Include="cardState.cpp">
      <Filter>card</Filter>
    </ClCompile>
    <ClCompile Include="enemyManager.cpp">
      <Filter>enemyManager</Filter>
    </ClCompile>
  </ItemGroup>
  <ItemGroup>
    <ClInclude Include="animation.h" />
    <ClInclude Include="cameraManager.h" />
    <ClInclude Include="commonMacroFunction.h" />
    <ClInclude Include="effect.h" />
    <ClInclude Include="effectManager.h" />
    <ClInclude Include="endingScene.h" />
    <ClInclude Include="gameNode.h" />
    <ClInclude Include="image.h" />
    <ClInclude Include="imageManager.h" />
    <ClInclude Include="keyManager.h" />
    <ClInclude Include="playerSelectScene.h" />
    <ClInclude Include="playGround.h" />
    <ClInclude Include="randomFunction.h" />
    <ClInclude Include="Resource.h" />
    <ClInclude Include="sceneManager.h" />
    <ClInclude Include="singletonBase.h" />
    <ClInclude Include="soundManager.h" />
    <ClInclude Include="stageScene.h" />
    <ClInclude Include="stdafx.h" />
    <ClInclude Include="targetver.h" />
    <ClInclude Include="timeManager.h" />
    <ClInclude Include="timer.h" />
    <ClInclude Include="titleScene.h" />
    <ClInclude Include="utils.h" />
    <ClInclude Include="red_attackState.h">
      <Filter>player\red</Filter>
    </ClInclude>
    <ClInclude Include="red_damage1State.h">
      <Filter>player\red</Filter>
    </ClInclude>
    <ClInclude Include="red_damage2State.h">
      <Filter>player\red</Filter>
    </ClInclude>
    <ClInclude Include="red_dashAttackState.h">
      <Filter>player\red</Filter>
    </ClInclude>
    <ClInclude Include="red_downAttackState.h">
      <Filter>player\red</Filter>
    </ClInclude>
    <ClInclude Include="red_gripState.h">
      <Filter>player\red</Filter>
    </ClInclude>
    <ClInclude Include="red_homeRunState.h">
      <Filter>player\red</Filter>
    </ClInclude>
    <ClInclude Include="red_idleState.h">
      <Filter>player\red</Filter>
    </ClInclude>
    <ClInclude Include="red_idleState2.h">
      <Filter>player\red</Filter>
    </ClInclude>
    <ClInclude Include="red_jumpAttackState.h">
      <Filter>player\red</Filter>
    </ClInclude>
    <ClInclude Include="red_jumpState.h">
      <Filter>player\red</Filter>
    </ClInclude>
    <ClInclude Include="red_legKickState.h">
      <Filter>player\red</Filter>
    </ClInclude>
    <ClInclude Include="red_moveState.h">
      <Filter>player\red</Filter>
    </ClInclude>
    <ClInclude Include="red_runState.h">
      <Filter>player\red</Filter>
    </ClInclude>
    <ClInclude Include="red_slidingState.h">
      <Filter>player\red</Filter>
    </ClInclude>
    <ClInclude Include="red_standUpState.h">
      <Filter>player\red</Filter>
    </ClInclude>
    <ClInclude Include="red_throw.h">
      <Filter>player\red</Filter>
    </ClInclude>
    <ClInclude Include="Ryno_attack.h">
      <Filter>player\ryno</Filter>
    </ClInclude>
    <ClInclude Include="Ryno_catch.h">
      <Filter>player\ryno</Filter>
    </ClInclude>
    <ClInclude Include="Ryno_crawl.h">
      <Filter>player\ryno</Filter>
    </ClInclude>
    <ClInclude Include="Ryno_dash.h">
      <Filter>player\ryno</Filter>
    </ClInclude>
    <ClInclude Include="Ryno_dashAlt.h">
      <Filter>player\ryno</Filter>
    </ClInclude>
    <ClInclude Include="Ryno_dashAttack.h">
      <Filter>player\ryno</Filter>
    </ClInclude>
    <ClInclude Include="Ryno_fall.h">
      <Filter>player\ryno</Filter>
    </ClInclude>
    <ClInclude Include="Ryno_fly.h">
      <Filter>player\ryno</Filter>
    </ClInclude>
    <ClInclude Include="Ryno_frontCombo.h">
      <Filter>player\ryno</Filter>
    </ClInclude>
    <ClInclude Include="Ryno_idle.h">
      <Filter>player\ryno</Filter>
    </ClInclude>
    <ClInclude Include="Ryno_jump.h">
      <Filter>player\ryno</Filter>
    </ClInclude>
    <ClInclude Include="Ryno_move.h">
      <Filter>player\ryno</Filter>
    </ClInclude>
    <ClInclude Include="playerstate.h">
      <Filter>player</Filter>
    </ClInclude>
    <ClInclude Include="player.h">
      <Filter>player</Filter>
    </ClInclude>
    <ClInclude Include="wbAttackJumpState.h">
      <Filter>whiteBaseball</Filter>
    </ClInclude>
    <ClInclude Include="wbAttackPunchState.h">
      <Filter>whiteBaseball</Filter>
    </ClInclude>
    <ClInclude Include="wbIdleState.h">
      <Filter>whiteBaseball</Filter>
    </ClInclude>
    <ClInclude Include="wbRollState.h">
      <Filter>whiteBaseball</Filter>
    </ClInclude>
    <ClInclude Include="wbState.h">
      <Filter>whiteBaseball</Filter>
    </ClInclude>
    <ClInclude Include="wbStopState.h">
      <Filter>whiteBaseball</Filter>
    </ClInclude>
    <ClInclude Include="whiteBaseball.h">
      <Filter>whiteBaseball</Filter>
    </ClInclude>
    <ClInclude Include="bbAttackPunchState.h">
      <Filter>blueBaseball</Filter>
    </ClInclude>
    <ClInclude Include="bbIdleState.h">
      <Filter>blueBaseball</Filter>
    </ClInclude>
    <ClInclude Include="bbLandState.h">
      <Filter>blueBaseball</Filter>
    </ClInclude>
    <ClInclude Include="bbState.h">
      <Filter>blueBaseball</Filter>
    </ClInclude>
    <ClInclude Include="blueBaseball.h">
      <Filter>blueBaseball</Filter>
    </ClInclude>
    <ClInclude Include="ybAttackPunchState.h">
      <Filter>yellowBaseball</Filter>
    </ClInclude>
    <ClInclude Include="ybIdleState.h">
      <Filter>yellowBaseball</Filter>
    </ClInclude>
    <ClInclude Include="ybMoveState.h">
      <Filter>yellowBaseball</Filter>
    </ClInclude>
    <ClInclude Include="ybState.h">
      <Filter>yellowBaseball</Filter>
    </ClInclude>
    <ClInclude Include="yellowBaseball.h">
      <Filter>yellowBaseball</Filter>
    </ClInclude>
    <ClInclude Include="gbAttackPunchState.h">
      <Filter>greenBaseball</Filter>
    </ClInclude>
    <ClInclude Include="gbHangState.h">
      <Filter>greenBaseball</Filter>
    </ClInclude>
    <ClInclude Include="gbIdleState.h">
      <Filter>greenBaseball</Filter>
    </ClInclude>
    <ClInclude Include="gbLandState.h">
      <Filter>greenBaseball</Filter>
    </ClInclude>
    <ClInclude Include="gbState.h">
      <Filter>greenBaseball</Filter>
    </ClInclude>
    <ClInclude Include="greenBaseball.h">
      <Filter>greenBaseball</Filter>
    </ClInclude>
    <ClInclude Include="boss.h">
      <Filter>boss</Filter>
    </ClInclude>
    <ClInclude Include="bossState.h">
      <Filter>boss</Filter>
    </ClInclude>
    <ClInclude Include="card.h">
      <Filter>card</Filter>
    </ClInclude>
    <ClInclude Include="cardDashAttackState.h">
      <Filter>card</Filter>
    </ClInclude>
    <ClInclude Include="cardIdleState.h">
      <Filter>card</Filter>
    </ClInclude>
    <ClInclude Include="cardMoveState.h">
      <Filter>card</Filter>
    </ClInclude>
    <ClInclude Include="cardPunchAttackState.h">
      <Filter>card</Filter>
    </ClInclude>
    <ClInclude Include="cardState.h">
      <Filter>card</Filter>
    </ClInclude>
    <ClInclude Include="enemyManager.h">
      <Filter>enemyManager</Filter>
    </ClInclude>
  </ItemGroup>
  <ItemGroup>
    <ResourceCompile Include="windowAPI.rc" />
  </ItemGroup>
  <ItemGroup>
    <Image Include="small.ico" />
    <Image Include="windowAPI.ico" />
  </ItemGroup>
  <ItemGroup>
    <Filter Include="player">
      <UniqueIdentifier>{82aeacbf-67c2-434d-84e2-4cb832bd69d1}</UniqueIdentifier>
    </Filter>
    <Filter Include="player\ryno">
      <UniqueIdentifier>{ae1a6d75-a49d-4b0a-8b16-ccc87fba547b}</UniqueIdentifier>
    </Filter>
    <Filter Include="player\red">
      <UniqueIdentifier>{2f6ad8c0-df6b-4342-97b2-6bf39417e444}</UniqueIdentifier>
    </Filter>
    <Filter Include="whiteBaseball">
      <UniqueIdentifier>{bf308b6c-8a7f-4585-8716-733b9e6f2c77}</UniqueIdentifier>
    </Filter>
    <Filter Include="blueBaseball">
      <UniqueIdentifier>{290d2285-9a49-46b3-b340-4879eda5c026}</UniqueIdentifier>
    </Filter>
    <Filter Include="yellowBaseball">
      <UniqueIdentifier>{3bbc344e-88d1-4d09-aacd-05d970f2f9f5}</UniqueIdentifier>
    </Filter>
    <Filter Include="greenBaseball">
      <UniqueIdentifier>{bfbd9a7f-05b7-4703-a362-f5da403d13cb}</UniqueIdentifier>
    </Filter>
    <Filter Include="boss">
      <UniqueIdentifier>{42556051-ef68-4edb-85da-f70c988c2426}</UniqueIdentifier>
    </Filter>
    <Filter Include="card">
      <UniqueIdentifier>{8fa78118-5147-43df-9fac-dcb9b3704119}</UniqueIdentifier>
    </Filter>
    <Filter Include="enemyManager">
      <UniqueIdentifier>{7d20e81f-56a0-4ee8-a633-9a1e29a70653}</UniqueIdentifier>
    </Filter>
  </ItemGroup>
</Project>