<?xml version="1.0" encoding="utf-8"?>
<Project ToolsVersion="4.0" xmlns="http://schemas.microsoft.com/developer/msbuild/2003">
  <ItemGroup>
    <ClCompile Include="animation.cpp" />
    <ClCompile Include="bbAttackPunchState.cpp" />
    <ClCompile Include="bbIdleState.cpp" />
    <ClCompile Include="bbLandState.cpp" />
    <ClCompile Include="bbState.cpp" />
    <ClCompile Include="blueBaseball.cpp" />
    <ClCompile Include="boss.cpp" />
    <ClCompile Include="bossState.cpp" />
    <ClCompile Include="cameraManager.cpp" />
    <ClCompile Include="card.cpp" />
    <ClCompile Include="cardDashAttackState.cpp" />
    <ClCompile Include="cardIdleState.cpp" />
    <ClCompile Include="cardMoveState.cpp" />
    <ClCompile Include="cardPunchAttackState.cpp" />
    <ClCompile Include="cardState.cpp" />
    <ClCompile Include="effect.cpp" />
    <ClCompile Include="effectManager.cpp" />
    <ClCompile Include="endingScene.cpp" />
    <ClCompile Include="enemyManager.cpp" />
    <ClCompile Include="gameNode.cpp" />
    <ClCompile Include="gbAttackPunchState.cpp" />
    <ClCompile Include="gbHangState.cpp" />
    <ClCompile Include="gbIdleState.cpp" />
    <ClCompile Include="gbLandState.cpp" />
    <ClCompile Include="gbState.cpp" />
    <ClCompile Include="greenBaseball.cpp" />
    <ClCompile Include="image.cpp" />
    <ClCompile Include="imageManager.cpp" />
    <ClCompile Include="keyManager.cpp" />
    <ClCompile Include="playerSelectScene.cpp" />
    <ClCompile Include="playGround.cpp" />
    <ClCompile Include="sceneManager.cpp" />
    <ClCompile Include="soundManager.cpp" />
    <ClCompile Include="stageScene.cpp" />
    <ClCompile Include="stdafx.cpp" />
    <ClCompile Include="timeManager.cpp" />
    <ClCompile Include="timer.cpp" />
    <ClCompile Include="titleScene.cpp" />
    <ClCompile Include="utils.cpp" />
    <ClCompile Include="wbAttackJumpState.cpp" />
    <ClCompile Include="wbAttackPunchState.cpp" />
    <ClCompile Include="wbIdleState.cpp" />
    <ClCompile Include="wbRollState.cpp" />
    <ClCompile Include="wbState.cpp" />
    <ClCompile Include="wbStopState.cpp" />
    <ClCompile Include="whiteBaseball.cpp" />
    <ClCompile Include="winMain.cpp" />
    <ClCompile Include="ybAttackPunchState.cpp" />
    <ClCompile Include="ybIdleState.cpp" />
    <ClCompile Include="ybMoveState.cpp" />
    <ClCompile Include="ybState.cpp" />
    <ClCompile Include="yellowBaseball.cpp" />
    <ClCompile Include="red_attackState.cpp">
      <Filter>player\red</Filter>
    </ClCompile>
    <ClCompile Include="red_damage1State.cpp">
      <Filter>player\red</Filter>
    </ClCompile>
    <ClCompile Include="red_damage2State.cpp">
      <Filter>player\red</Filter>
    </ClCompile>
    <ClCompile Include="red_dashAttackState.cpp">
      <Filter>player\red</Filter>
    </ClCompile>
    <ClCompile Include="red_downAttackState.cpp">
      <Filter>player\red</Filter>
    </ClCompile>
    <ClCompile Include="red_gripState.cpp">
      <Filter>player\red</Filter>
    </ClCompile>
    <ClCompile Include="red_homeRunState.cpp">
      <Filter>player\red</Filter>
    </ClCompile>
    <ClCompile Include="red_idleState.cpp">
      <Filter>player\red</Filter>
    </ClCompile>
    <ClCompile Include="red_idleState2.cpp">
      <Filter>player\red</Filter>
    </ClCompile>
    <ClCompile Include="red_jumpAttackState.cpp">
      <Filter>player\red</Filter>
    </ClCompile>
    <ClCompile Include="red_jumpState.cpp">
      <Filter>player\red</Filter>
    </ClCompile>
    <ClCompile Include="red_legKickState.cpp">
      <Filter>player\red</Filter>
    </ClCompile>
    <ClCompile Include="red_moveState.cpp">
      <Filter>player\red</Filter>
    </ClCompile>
    <ClCompile Include="red_runState.cpp">
      <Filter>player\red</Filter>
    </ClCompile>
    <ClCompile Include="red_slidingState.cpp">
      <Filter>player\red</Filter>
    </ClCompile>
    <ClCompile Include="red_standUpState.cpp">
      <Filter>player\red</Filter>
    </ClCompile>
    <ClCompile Include="red_throw.cpp">
      <Filter>player\red</Filter>
    </ClCompile>
    <ClCompile Include="Ryno_attack.cpp">
      <Filter>player\ryno</Filter>
    </ClCompile>
    <ClCompile Include="Ryno_catch.cpp">
      <Filter>player\ryno</Filter>
    </ClCompile>
    <ClCompile Include="Ryno_crawl.cpp">
      <Filter>player\ryno</Filter>
    </ClCompile>
    <ClCompile Include="Ryno_dash.cpp">
      <Filter>player\ryno</Filter>
    </ClCompile>
    <ClCompile Include="Ryno_dashAlt.cpp">
      <Filter>player\ryno</Filter>
    </ClCompile>
    <ClCompile Include="Ryno_dashAttack.cpp">
      <Filter>player\ryno</Filter>
    </ClCompile>
    <ClCompile Include="Ryno_fall.cpp">
      <Filter>player\ryno</Filter>
    </ClCompile>
    <ClCompile Include="Ryno_fly.cpp">
      <Filter>player\ryno</Filter>
    </ClCompile>
    <ClCompile Include="Ryno_frontCombo.cpp">
      <Filter>player\ryno</Filter>
    </ClCompile>
    <ClCompile Include="Ryno_idle.cpp">
      <Filter>player\ryno</Filter>
    </ClCompile>
    <ClCompile Include="Ryno_jump.cpp">
      <Filter>player\ryno</Filter>
    </ClCompile>
    <ClCompile Include="Ryno_move.cpp">
      <Filter>player\ryno</Filter>
    </ClCompile>
    <ClCompile Include="player.cpp">
      <Filter>player</Filter>
    </ClCompile>
  </ItemGroup>
  <ItemGroup>
    <ClInclude Include="animation.h" />
    <ClInclude Include="bbAttackPunchState.h" />
    <ClInclude Include="bbIdleState.h" />
    <ClInclude Include="bbLandState.h" />
    <ClInclude Include="bbState.h" />
    <ClInclude Include="blueBaseball.h" />
    <ClInclude Include="boss.h" />
    <ClInclude Include="bossState.h" />
    <ClInclude Include="cameraManager.h" />
    <ClInclude Include="card.h" />
    <ClInclude Include="cardDashAttackState.h" />
    <ClInclude Include="cardIdleState.h" />
    <ClInclude Include="cardMoveState.h" />
    <ClInclude Include="cardPunchAttackState.h" />
    <ClInclude Include="cardState.h" />
    <ClInclude Include="commonMacroFunction.h" />
    <ClInclude Include="effect.h" />
    <ClInclude Include="effectManager.h" />
    <ClInclude Include="endingScene.h" />
    <ClInclude Include="enemyManager.h" />
    <ClInclude Include="gameNode.h" />
    <ClInclude Include="gbAttackPunchState.h" />
    <ClInclude Include="gbHangState.h" />
    <ClInclude Include="gbIdleState.h" />
    <ClInclude Include="gbLandState.h" />
    <ClInclude Include="gbState.h" />
    <ClInclude Include="greenBaseball.h" />
    <ClInclude Include="image.h" />
    <ClInclude Include="imageManager.h" />
    <ClInclude Include="keyManager.h" />
    <ClInclude Include="playerSelectScene.h" />
    <ClInclude Include="playGround.h" />
    <ClInclude Include="randomFunction.h" />
    <ClInclude Include="Resource.h" />
    <ClInclude Include="sceneManager.h" />
    <ClInclude Include="singletonBase.h" />
    <ClInclude Include="soundManager.h" />
    <ClInclude Include="stageScene.h" />
    <ClInclude Include="stdafx.h" />
    <ClInclude Include="targetver.h" />
    <ClInclude Include="timeManager.h" />
    <ClInclude Include="timer.h" />
    <ClInclude Include="titleScene.h" />
    <ClInclude Include="utils.h" />
    <ClInclude Include="wbAttackJumpState.h" />
    <ClInclude Include="wbAttackPunchState.h" />
    <ClInclude Include="wbIdleState.h" />
    <ClInclude Include="wbRollState.h" />
    <ClInclude Include="wbState.h" />
    <ClInclude Include="wbStopState.h" />
    <ClInclude Include="whiteBaseball.h" />
    <ClInclude Include="ybAttackPunchState.h" />
    <ClInclude Include="ybIdleState.h" />
    <ClInclude Include="ybMoveState.h" />
    <ClInclude Include="ybState.h" />
    <ClInclude Include="yellowBaseball.h" />
    <ClInclude Include="red_attackState.h">
      <Filter>player\red</Filter>
    </ClInclude>
    <ClInclude Include="red_damage1State.h">
      <Filter>player\red</Filter>
    </ClInclude>
    <ClInclude Include="red_damage2State.h">
      <Filter>player\red</Filter>
    </ClInclude>
    <ClInclude Include="red_dashAttackState.h">
      <Filter>player\red</Filter>
    </ClInclude>
    <ClInclude Include="red_downAttackState.h">
      <Filter>player\red</Filter>
    </ClInclude>
    <ClInclude Include="red_gripState.h">
      <Filter>player\red</Filter>
    </ClInclude>
    <ClInclude Include="red_homeRunState.h">
      <Filter>player\red</Filter>
    </ClInclude>
    <ClInclude Include="red_idleState.h">
      <Filter>player\red</Filter>
    </ClInclude>
    <ClInclude Include="red_idleState2.h">
      <Filter>player\red</Filter>
    </ClInclude>
    <ClInclude Include="red_jumpAttackState.h">
      <Filter>player\red</Filter>
    </ClInclude>
    <ClInclude Include="red_jumpState.h">
      <Filter>player\red</Filter>
    </ClInclude>
    <ClInclude Include="red_legKickState.h">
      <Filter>player\red</Filter>
    </ClInclude>
    <ClInclude Include="red_moveState.h">
      <Filter>player\red</Filter>
    </ClInclude>
    <ClInclude Include="red_runState.h">
      <Filter>player\red</Filter>
    </ClInclude>
    <ClInclude Include="red_slidingState.h">
      <Filter>player\red</Filter>
    </ClInclude>
    <ClInclude Include="red_standUpState.h">
      <Filter>player\red</Filter>
    </ClInclude>
    <ClInclude Include="red_throw.h">
      <Filter>player\red</Filter>
    </ClInclude>
    <ClInclude Include="Ryno_attack.h">
      <Filter>player\ryno</Filter>
    </ClInclude>
    <ClInclude Include="Ryno_catch.h">
      <Filter>player\ryno</Filter>
    </ClInclude>
    <ClInclude Include="Ryno_crawl.h">
      <Filter>player\ryno</Filter>
    </ClInclude>
    <ClInclude Include="Ryno_dash.h">
      <Filter>player\ryno</Filter>
    </ClInclude>
    <ClInclude Include="Ryno_dashAlt.h">
      <Filter>player\ryno</Filter>
    </ClInclude>
    <ClInclude Include="Ryno_dashAttack.h">
      <Filter>player\ryno</Filter>
    </ClInclude>
    <ClInclude Include="Ryno_fall.h">
      <Filter>player\ryno</Filter>
    </ClInclude>
    <ClInclude Include="Ryno_fly.h">
      <Filter>player\ryno</Filter>
    </ClInclude>
    <ClInclude Include="Ryno_frontCombo.h">
      <Filter>player\ryno</Filter>
    </ClInclude>
    <ClInclude Include="Ryno_idle.h">
      <Filter>player\ryno</Filter>
    </ClInclude>
    <ClInclude Include="Ryno_jump.h">
      <Filter>player\ryno</Filter>
    </ClInclude>
    <ClInclude Include="Ryno_move.h">
      <Filter>player\ryno</Filter>
    </ClInclude>
    <ClInclude Include="playerstate.h">
      <Filter>player</Filter>
    </ClInclude>
    <ClInclude Include="player.h">
      <Filter>player</Filter>
    </ClInclude>
  </ItemGroup>
  <ItemGroup>
    <ResourceCompile Include="windowAPI.rc" />
  </ItemGroup>
  <ItemGroup>
    <Image Include="small.ico" />
    <Image Include="windowAPI.ico" />
  </ItemGroup>
  <ItemGroup>
    <Filter Include="player">
      <UniqueIdentifier>{82aeacbf-67c2-434d-84e2-4cb832bd69d1}</UniqueIdentifier>
    </Filter>
    <Filter Include="player\ryno">
      <UniqueIdentifier>{ae1a6d75-a49d-4b0a-8b16-ccc87fba547b}</UniqueIdentifier>
    </Filter>
    <Filter Include="player\red">
      <UniqueIdentifier>{2f6ad8c0-df6b-4342-97b2-6bf39417e444}</UniqueIdentifier>
    </Filter>
  </ItemGroup>
</Project>